
Microsoft Visual Studio Solution File, Format Version 12.00
# Visual Studio Version 17
VisualStudioVersion = 17.13.35825.156
MinimumVisualStudioVersion = 10.0.40219.1
Project("{2150E333-8FDC-42A3-9474-1A3956D46DE8}") = "Элементы решения", "Элементы решения", "{754FC069-D67B-A9D7-50A1-8D1CA196D8F1}"
	ProjectSection(SolutionItems) = preProject
		.gitignore = .gitignore
		docker-compose.yml = docker-compose.yml
	EndProjectSection
EndProject
Project("{FAE04EC0-301F-11D3-BF4B-00C04F79EFBC}") = "service1", "Service1.Generator\service1.csproj", "{6BA2E820-8048-F535-A290-CC5F12532341}"
EndProject
Project("{FAE04EC0-301F-11D3-BF4B-00C04F79EFBC}") = "Service1.Generator.Tests", "Service1.Generator.Tests\Service1.Generator.Tests.csproj", "{97667476-694A-457B-ADF6-178B0A83A5EA}"
EndProject
Global
	GlobalSection(SolutionConfigurationPlatforms) = preSolution
		Debug|Any CPU = Debug|Any CPU
		Release|Any CPU = Release|Any CPU
	EndGlobalSection
	GlobalSection(ProjectConfigurationPlatforms) = postSolution
		{6BA2E820-8048-F535-A290-CC5F12532341}.Debug|Any CPU.ActiveCfg = Debug|Any CPU
		{6BA2E820-8048-F535-A290-CC5F12532341}.Debug|Any CPU.Build.0 = Debug|Any CPU
		{6BA2E820-8048-F535-A290-CC5F12532341}.Release|Any CPU.ActiveCfg = Release|Any CPU
		{6BA2E820-8048-F535-A290-CC5F12532341}.Release|Any CPU.Build.0 = Release|Any CPU
		{97667476-694A-457B-ADF6-178B0A83A5EA}.Debug|Any CPU.ActiveCfg = Debug|Any CPU
		{97667476-694A-457B-ADF6-178B0A83A5EA}.Debug|Any CPU.Build.0 = Debug|Any CPU
		{97667476-694A-457B-ADF6-178B0A83A5EA}.Release|Any CPU.ActiveCfg = Release|Any CPU
		{97667476-694A-457B-ADF6-178B0A83A5EA}.Release|Any CPU.Build.0 = Release|Any CPU
	EndGlobalSection
	GlobalSection(SolutionProperties) = preSolution
		HideSolutionNode = FALSE
	EndGlobalSection
	GlobalSection(ExtensibilityGlobals) = postSolution
		SolutionGuid = {76F284E5-E579-44F3-8943-EE575AF0F059}
	EndGlobalSection
EndGlobal
